
Microsoft Visual Studio Solution File, Format Version 12.00
# Visual Studio 2012
Project("{D954291E-2A0B-460D-934E-DC6B0785DB48}") = "FormsTest", "FormsTest\FormsTest.shproj", "{997F6DC3-F254-483F-8517-EA4BE1A8B364}"
EndProject
Project("{FAE04EC0-301F-11D3-BF4B-00C04F79EFBC}") = "FormsTest.iOS", "iOS\FormsTest.iOS.csproj", "{854FFCD2-E0D1-4D69-9C01-DB3D24ECA83C}"
EndProject
Project("{FAE04EC0-301F-11D3-BF4B-00C04F79EFBC}") = "FormsTest.Droid", "Droid\FormsTest.Droid.csproj", "{2A73A727-FC9A-4650-A501-59B16F54D599}"
EndProject
Global
	GlobalSection(SolutionConfigurationPlatforms) = preSolution
		Debug|iPhoneSimulator = Debug|iPhoneSimulator
		Release|iPhone = Release|iPhone
		Release|iPhoneSimulator = Release|iPhoneSimulator
		Debug|iPhone = Debug|iPhone
		Debug|Any CPU = Debug|Any CPU
		Release|Any CPU = Release|Any CPU
	EndGlobalSection
	GlobalSection(ProjectConfigurationPlatforms) = postSolution
		{854FFCD2-E0D1-4D69-9C01-DB3D24ECA83C}.Debug|iPhoneSimulator.ActiveCfg = Debug|iPhoneSimulator
		{854FFCD2-E0D1-4D69-9C01-DB3D24ECA83C}.Debug|iPhoneSimulator.Build.0 = Debug|iPhoneSimulator
		{854FFCD2-E0D1-4D69-9C01-DB3D24ECA83C}.Release|iPhone.ActiveCfg = Release|iPhone
		{854FFCD2-E0D1-4D69-9C01-DB3D24ECA83C}.Release|iPhone.Build.0 = Release|iPhone
		{854FFCD2-E0D1-4D69-9C01-DB3D24ECA83C}.Release|iPhoneSimulator.ActiveCfg = Release|iPhoneSimulator
		{854FFCD2-E0D1-4D69-9C01-DB3D24ECA83C}.Release|iPhoneSimulator.Build.0 = Release|iPhoneSimulator
		{854FFCD2-E0D1-4D69-9C01-DB3D24ECA83C}.Debug|iPhone.ActiveCfg = Debug|iPhone
		{854FFCD2-E0D1-4D69-9C01-DB3D24ECA83C}.Debug|iPhone.Build.0 = Debug|iPhone
		{854FFCD2-E0D1-4D69-9C01-DB3D24ECA83C}.Debug|Any CPU.ActiveCfg = Debug|iPhoneSimulator
		{854FFCD2-E0D1-4D69-9C01-DB3D24ECA83C}.Debug|Any CPU.Build.0 = Debug|iPhoneSimulator
		{854FFCD2-E0D1-4D69-9C01-DB3D24ECA83C}.Release|Any CPU.ActiveCfg = Release|iPhone
		{854FFCD2-E0D1-4D69-9C01-DB3D24ECA83C}.Release|Any CPU.Build.0 = Release|iPhone
		{2A73A727-FC9A-4650-A501-59B16F54D599}.Debug|iPhoneSimulator.ActiveCfg = Debug|Any CPU
		{2A73A727-FC9A-4650-A501-59B16F54D599}.Debug|iPhoneSimulator.Build.0 = Debug|Any CPU
		{2A73A727-FC9A-4650-A501-59B16F54D599}.Release|iPhone.ActiveCfg = Release|Any CPU
		{2A73A727-FC9A-4650-A501-59B16F54D599}.Release|iPhone.Build.0 = Release|Any CPU
		{2A73A727-FC9A-4650-A501-59B16F54D599}.Release|iPhoneSimulator.ActiveCfg = Release|Any CPU
		{2A73A727-FC9A-4650-A501-59B16F54D599}.Release|iPhoneSimulator.Build.0 = Release|Any CPU
		{2A73A727-FC9A-4650-A501-59B16F54D599}.Debug|iPhone.ActiveCfg = Debug|Any CPU
		{2A73A727-FC9A-4650-A501-59B16F54D599}.Debug|iPhone.Build.0 = Debug|Any CPU
		{2A73A727-FC9A-4650-A501-59B16F54D599}.Debug|Any CPU.ActiveCfg = Debug|Any CPU
		{2A73A727-FC9A-4650-A501-59B16F54D599}.Debug|Any CPU.Build.0 = Debug|Any CPU
		{2A73A727-FC9A-4650-A501-59B16F54D599}.Release|Any CPU.ActiveCfg = Release|Any CPU
		{2A73A727-FC9A-4650-A501-59B16F54D599}.Release|Any CPU.Build.0 = Release|Any CPU
	EndGlobalSection
EndGlobal
